// !$*UTF8*$!
{
	archiveVersion = 1;
	classes = {
	};
	objectVersion = 77;
	objects = {

/* Begin PBXBuildFile section */
		61829A4A2E6F4B37009FB761 /* Documentation.docc in Sources */ = {isa = PBXBuildFile; fileRef = 61829A492E6F4B37009FB761 /* Documentation.docc */; };
		61829AB92E6F4CFE009FB761 /* README.md in Resources */ = {isa = PBXBuildFile; fileRef = 61829AB82E6F4CFE009FB761 /* README.md */; };
		61829ABA2E6F4CFE009FB761 /* LICENSE.md in Resources */ = {isa = PBXBuildFile; fileRef = 61829AB72E6F4CFE009FB761 /* LICENSE.md */; };
/* End PBXBuildFile section */

/* Begin PBXContainerItemProxy section */
		61829A072E6F07EF009FB761 /* PBXContainerItemProxy */ = {
			isa = PBXContainerItemProxy;
			containerPortal = 618299E52E6F07EC009FB761 /* Project object */;
			proxyType = 1;
			remoteGlobalIDString = 618299EC2E6F07EC009FB761;
			remoteInfo = Sokoban;
		};
		61829A112E6F07F0009FB761 /* PBXContainerItemProxy */ = {
			isa = PBXContainerItemProxy;
			containerPortal = 618299E52E6F07EC009FB761 /* Project object */;
			proxyType = 1;
			remoteGlobalIDString = 618299EC2E6F07EC009FB761;
			remoteInfo = Sokoban;
		};
/* End PBXContainerItemProxy section */

/* Begin PBXFileReference section */
		618299ED2E6F07EC009FB761 /* Sokoban.app */ = {isa = PBXFileReference; explicitFileType = wrapper.application; includeInIndex = 0; path = Sokoban.app; sourceTree = BUILT_PRODUCTS_DIR; };
		61829A062E6F07EF009FB761 /* SokobanTests.xctest */ = {isa = PBXFileReference; explicitFileType = wrapper.cfbundle; includeInIndex = 0; path = SokobanTests.xctest; sourceTree = BUILT_PRODUCTS_DIR; };
		61829A102E6F07F0009FB761 /* SokobanUITests.xctest */ = {isa = PBXFileReference; explicitFileType = wrapper.cfbundle; includeInIndex = 0; path = SokobanUITests.xctest; sourceTree = BUILT_PRODUCTS_DIR; };
		61829A492E6F4B37009FB761 /* Documentation.docc */ = {isa = PBXFileReference; lastKnownFileType = folder.documentationcatalog; path = Documentation.docc; sourceTree = "<group>"; };
		61829AB72E6F4CFE009FB761 /* LICENSE.md */ = {isa = PBXFileReference; lastKnownFileType = net.daringfireball.markdown; path = LICENSE.md; sourceTree = "<group>"; };
		61829AB82E6F4CFE009FB761 /* README.md */ = {isa = PBXFileReference; lastKnownFileType = net.daringfireball.markdown; path = README.md; sourceTree = "<group>"; };
/* End PBXFileReference section */

/* Begin PBXFileSystemSynchronizedRootGroup section */
		618299EF2E6F07EC009FB761 /* Sokoban */ = {
			isa = PBXFileSystemSynchronizedRootGroup;
			path = Sokoban;
			sourceTree = "<group>";
		};
		61829A092E6F07EF009FB761 /* SokobanTests */ = {
			isa = PBXFileSystemSynchronizedRootGroup;
			path = SokobanTests;
			sourceTree = "<group>";
		};
		61829A132E6F07F0009FB761 /* SokobanUITests */ = {
			isa = PBXFileSystemSynchronizedRootGroup;
			path = SokobanUITests;
			sourceTree = "<group>";
		};
/* End PBXFileSystemSynchronizedRootGroup section */

/* Begin PBXFrameworksBuildPhase section */
		618299EA2E6F07EC009FB761 /* Frameworks */ = {
			isa = PBXFrameworksBuildPhase;
			buildActionMask = 2147483647;
			files = (
			);
			runOnlyForDeploymentPostprocessing = 0;
		};
		61829A032E6F07EF009FB761 /* Frameworks */ = {
			isa = PBXFrameworksBuildPhase;
			buildActionMask = 2147483647;
			files = (
			);
			runOnlyForDeploymentPostprocessing = 0;
		};
		61829A0D2E6F07F0009FB761 /* Frameworks */ = {
			isa = PBXFrameworksBuildPhase;
			buildActionMask = 2147483647;
			files = (
			);
			runOnlyForDeploymentPostprocessing = 0;
		};
/* End PBXFrameworksBuildPhase section */

/* Begin PBXGroup section */
		618299E42E6F07EC009FB761 = {
			isa = PBXGroup;
			children = (
				61829AB72E6F4CFE009FB761 /* LICENSE.md */,
				61829AB82E6F4CFE009FB761 /* README.md */,
				618299EF2E6F07EC009FB761 /* Sokoban */,
				61829A092E6F07EF009FB761 /* SokobanTests */,
				61829A132E6F07F0009FB761 /* SokobanUITests */,
				618299EE2E6F07EC009FB761 /* Products */,
				61829A492E6F4B37009FB761 /* Documentation.docc */,
			);
			sourceTree = "<group>";
		};
		618299EE2E6F07EC009FB761 /* Products */ = {
			isa = PBXGroup;
			children = (
				618299ED2E6F07EC009FB761 /* Sokoban.app */,
				61829A062E6F07EF009FB761 /* SokobanTests.xctest */,
				61829A102E6F07F0009FB761 /* SokobanUITests.xctest */,
			);
			name = Products;
			sourceTree = "<group>";
		};
/* End PBXGroup section */

/* Begin PBXNativeTarget section */
		618299EC2E6F07EC009FB761 /* Sokoban */ = {
			isa = PBXNativeTarget;
			buildConfigurationList = 61829A1A2E6F07F0009FB761 /* Build configuration list for PBXNativeTarget "Sokoban" */;
			buildPhases = (
				618299E92E6F07EC009FB761 /* Sources */,
				618299EA2E6F07EC009FB761 /* Frameworks */,
				618299EB2E6F07EC009FB761 /* Resources */,
			);
			buildRules = (
			);
			dependencies = (
			);
			fileSystemSynchronizedGroups = (
				618299EF2E6F07EC009FB761 /* Sokoban */,
			);
			name = Sokoban;
			packageProductDependencies = (
			);
			productName = Sokoban;
			productReference = 618299ED2E6F07EC009FB761 /* Sokoban.app */;
			productType = "com.apple.product-type.application";
		};
		61829A052E6F07EF009FB761 /* SokobanTests */ = {
			isa = PBXNativeTarget;
			buildConfigurationList = 61829A1D2E6F07F0009FB761 /* Build configuration list for PBXNativeTarget "SokobanTests" */;
			buildPhases = (
				61829A022E6F07EF009FB761 /* Sources */,
				61829A032E6F07EF009FB761 /* Frameworks */,
				61829A042E6F07EF009FB761 /* Resources */,
			);
			buildRules = (
			);
			dependencies = (
				61829A082E6F07EF009FB761 /* PBXTargetDependency */,
			);
			fileSystemSynchronizedGroups = (
				61829A092E6F07EF009FB761 /* SokobanTests */,
			);
			name = SokobanTests;
			packageProductDependencies = (
			);
			productName = SokobanTests;
			productReference = 61829A062E6F07EF009FB761 /* SokobanTests.xctest */;
			productType = "com.apple.product-type.bundle.unit-test";
		};
		61829A0F2E6F07F0009FB761 /* SokobanUITests */ = {
			isa = PBXNativeTarget;
			buildConfigurationList = 61829A202E6F07F0009FB761 /* Build configuration list for PBXNativeTarget "SokobanUITests" */;
			buildPhases = (
				61829A0C2E6F07F0009FB761 /* Sources */,
				61829A0D2E6F07F0009FB761 /* Frameworks */,
				61829A0E2E6F07F0009FB761 /* Resources */,
			);
			buildRules = (
			);
			dependencies = (
				61829A122E6F07F0009FB761 /* PBXTargetDependency */,
			);
			fileSystemSynchronizedGroups = (
				61829A132E6F07F0009FB761 /* SokobanUITests */,
			);
			name = SokobanUITests;
			packageProductDependencies = (
			);
			productName = SokobanUITests;
			productReference = 61829A102E6F07F0009FB761 /* SokobanUITests.xctest */;
			productType = "com.apple.product-type.bundle.ui-testing";
		};
/* End PBXNativeTarget section */

/* Begin PBXProject section */
		618299E52E6F07EC009FB761 /* Project object */ = {
			isa = PBXProject;
			attributes = {
				BuildIndependentTargetsInParallel = 1;
				LastSwiftUpdateCheck = 1620;
				LastUpgradeCheck = 1620;
				TargetAttributes = {
					618299EC2E6F07EC009FB761 = {
						CreatedOnToolsVersion = 16.2;
					};
					61829A052E6F07EF009FB761 = {
						CreatedOnToolsVersion = 16.2;
						TestTargetID = 618299EC2E6F07EC009FB761;
					};
					61829A0F2E6F07F0009FB761 = {
						CreatedOnToolsVersion = 16.2;
						TestTargetID = 618299EC2E6F07EC009FB761;
					};
				};
			};
			buildConfigurationList = 618299E82E6F07EC009FB761 /* Build configuration list for PBXProject "Sokoban" */;
			developmentRegion = en;
			hasScannedForEncodings = 0;
			knownRegions = (
				en,
				Base,
				it,
				fr,
				ja,
				ko,
			);
			mainGroup = 618299E42E6F07EC009FB761;
			minimizedProjectReferenceProxies = 1;
			preferredProjectObjectVersion = 77;
			productRefGroup = 618299EE2E6F07EC009FB761 /* Products */;
			projectDirPath = "";
			projectRoot = "";
			targets = (
				618299EC2E6F07EC009FB761 /* Sokoban */,
				61829A052E6F07EF009FB761 /* SokobanTests */,
				61829A0F2E6F07F0009FB761 /* SokobanUITests */,
			);
		};
/* End PBXProject section */

/* Begin PBXResourcesBuildPhase section */
		618299EB2E6F07EC009FB761 /* Resources */ = {
			isa = PBXResourcesBuildPhase;
			buildActionMask = 2147483647;
			files = (
				61829AB92E6F4CFE009FB761 /* README.md in Resources */,
				61829ABA2E6F4CFE009FB761 /* LICENSE.md in Resources */,
			);
			runOnlyForDeploymentPostprocessing = 0;
		};
		61829A042E6F07EF009FB761 /* Resources */ = {
			isa = PBXResourcesBuildPhase;
			buildActionMask = 2147483647;
			files = (
			);
			runOnlyForDeploymentPostprocessing = 0;
		};
		61829A0E2E6F07F0009FB761 /* Resources */ = {
			isa = PBXResourcesBuildPhase;
			buildActionMask = 2147483647;
			files = (
			);
			runOnlyForDeploymentPostprocessing = 0;
		};
/* End PBXResourcesBuildPhase section */

/* Begin PBXSourcesBuildPhase section */
		618299E92E6F07EC009FB761 /* Sources */ = {
			isa = PBXSourcesBuildPhase;
			buildActionMask = 2147483647;
			files = (
				61829A4A2E6F4B37009FB761 /* Documentation.docc in Sources */,
			);
			runOnlyForDeploymentPostprocessing = 0;
		};
		61829A022E6F07EF009FB761 /* Sources */ = {
			isa = PBXSourcesBuildPhase;
			buildActionMask = 2147483647;
			files = (
			);
			runOnlyForDeploymentPostprocessing = 0;
		};
		61829A0C2E6F07F0009FB761 /* Sources */ = {
			isa = PBXSourcesBuildPhase;
			buildActionMask = 2147483647;
			files = (
			);
			runOnlyForDeploymentPostprocessing = 0;
		};
/* End PBXSourcesBuildPhase section */

/* Begin PBXTargetDependency section */
		61829A082E6F07EF009FB761 /* PBXTargetDependency */ = {
			isa = PBXTargetDependency;
			target = 618299EC2E6F07EC009FB761 /* Sokoban */;
			targetProxy = 61829A072E6F07EF009FB761 /* PBXContainerItemProxy */;
		};
		61829A122E6F07F0009FB761 /* PBXTargetDependency */ = {
			isa = PBXTargetDependency;
			target = 618299EC2E6F07EC009FB761 /* Sokoban */;
			targetProxy = 61829A112E6F07F0009FB761 /* PBXContainerItemProxy */;
		};
/* End PBXTargetDependency section */

/* Begin XCBuildConfiguration section */
		61829A182E6F07F0009FB761 /* Debug */ = {
			isa = XCBuildConfiguration;
			buildSettings = {
				ALWAYS_SEARCH_USER_PATHS = NO;
				ASSETCATALOG_COMPILER_GENERATE_SWIFT_ASSET_SYMBOL_EXTENSIONS = YES;
				CLANG_ANALYZER_NONNULL = YES;
				CLANG_ANALYZER_NUMBER_OBJECT_CONVERSION = YES_AGGRESSIVE;
				CLANG_CXX_LANGUAGE_STANDARD = "gnu++20";
				CLANG_ENABLE_MODULES = YES;
				CLANG_ENABLE_OBJC_ARC = YES;
				CLANG_ENABLE_OBJC_WEAK = YES;
				CLANG_WARN_BLOCK_CAPTURE_AUTORELEASING = YES;
				CLANG_WARN_BOOL_CONVERSION = YES;
				CLANG_WARN_COMMA = YES;
				CLANG_WARN_CONSTANT_CONVERSION = YES;
				CLANG_WARN_DEPRECATED_OBJC_IMPLEMENTATIONS = YES;
				CLANG_WARN_DIRECT_OBJC_ISA_USAGE = YES_ERROR;
				CLANG_WARN_DOCUMENTATION_COMMENTS = YES;
				CLANG_WARN_EMPTY_BODY = YES;
				CLANG_WARN_ENUM_CONVERSION = YES;
				CLANG_WARN_INFINITE_RECURSION = YES;
				CLANG_WARN_INT_CONVERSION = YES;
				CLANG_WARN_NON_LITERAL_NULL_CONVERSION = YES;
				CLANG_WARN_OBJC_IMPLICIT_RETAIN_SELF = YES;
				CLANG_WARN_OBJC_LITERAL_CONVERSION = YES;
				CLANG_WARN_OBJC_ROOT_CLASS = YES_ERROR;
				CLANG_WARN_QUOTED_INCLUDE_IN_FRAMEWORK_HEADER = YES;
				CLANG_WARN_RANGE_LOOP_ANALYSIS = YES;
				CLANG_WARN_STRICT_PROTOTYPES = YES;
				CLANG_WARN_SUSPICIOUS_MOVE = YES;
				CLANG_WARN_UNGUARDED_AVAILABILITY = YES_AGGRESSIVE;
				CLANG_WARN_UNREACHABLE_CODE = YES;
				CLANG_WARN__DUPLICATE_METHOD_MATCH = YES;
				COPY_PHASE_STRIP = NO;
				DEBUG_INFORMATION_FORMAT = dwarf;
				ENABLE_STRICT_OBJC_MSGSEND = YES;
				ENABLE_TESTABILITY = YES;
				ENABLE_USER_SCRIPT_SANDBOXING = YES;
				GCC_C_LANGUAGE_STANDARD = gnu17;
				GCC_DYNAMIC_NO_PIC = NO;
				GCC_NO_COMMON_BLOCKS = YES;
				GCC_OPTIMIZATION_LEVEL = 0;
				GCC_PREPROCESSOR_DEFINITIONS = (
					"DEBUG=1",
					"$(inherited)",
				);
				GCC_WARN_64_TO_32_BIT_CONVERSION = YES;
				GCC_WARN_ABOUT_RETURN_TYPE = YES_ERROR;
				GCC_WARN_UNDECLARED_SELECTOR = YES;
				GCC_WARN_UNINITIALIZED_AUTOS = YES_AGGRESSIVE;
				GCC_WARN_UNUSED_FUNCTION = YES;
				GCC_WARN_UNUSED_VARIABLE = YES;
				IPHONEOS_DEPLOYMENT_TARGET = 18.2;
				LOCALIZATION_PREFERS_STRING_CATALOGS = YES;
				MTL_ENABLE_DEBUG_INFO = INCLUDE_SOURCE;
				MTL_FAST_MATH = YES;
				ONLY_ACTIVE_ARCH = YES;
				SDKROOT = iphoneos;
				SWIFT_ACTIVE_COMPILATION_CONDITIONS = "DEBUG $(inherited)";
				SWIFT_EMIT_LOC_STRINGS = YES;
				SWIFT_OPTIMIZATION_LEVEL = "-Onone";
			};
			name = Debug;
		};
		61829A192E6F07F0009FB761 /* Release */ = {
			isa = XCBuildConfiguration;
			buildSettings = {
				ALWAYS_SEARCH_USER_PATHS = NO;
				ASSETCATALOG_COMPILER_GENERATE_SWIFT_ASSET_SYMBOL_EXTENSIONS = YES;
				CLANG_ANALYZER_NONNULL = YES;
				CLANG_ANALYZER_NUMBER_OBJECT_CONVERSION = YES_AGGRESSIVE;
				CLANG_CXX_LANGUAGE_STANDARD = "gnu++20";
				CLANG_ENABLE_MODULES = YES;
				CLANG_ENABLE_OBJC_ARC = YES;
				CLANG_ENABLE_OBJC_WEAK = YES;
				CLANG_WARN_BLOCK_CAPTURE_AUTORELEASING = YES;
				CLANG_WARN_BOOL_CONVERSION = YES;
				CLANG_WARN_COMMA = YES;
				CLANG_WARN_CONSTANT_CONVERSION = YES;
				CLANG_WARN_DEPRECATED_OBJC_IMPLEMENTATIONS = YES;
				CLANG_WARN_DIRECT_OBJC_ISA_USAGE = YES_ERROR;
				CLANG_WARN_DOCUMENTATION_COMMENTS = YES;
				CLANG_WARN_EMPTY_BODY = YES;
				CLANG_WARN_ENUM_CONVERSION = YES;
				CLANG_WARN_INFINITE_RECURSION = YES;
				CLANG_WARN_INT_CONVERSION = YES;
				CLANG_WARN_NON_LITERAL_NULL_CONVERSION = YES;
				CLANG_WARN_OBJC_IMPLICIT_RETAIN_SELF = YES;
				CLANG_WARN_OBJC_LITERAL_CONVERSION = YES;
				CLANG_WARN_OBJC_ROOT_CLASS = YES_ERROR;
				CLANG_WARN_QUOTED_INCLUDE_IN_FRAMEWORK_HEADER = YES;
				CLANG_WARN_RANGE_LOOP_ANALYSIS = YES;
				CLANG_WARN_STRICT_PROTOTYPES = YES;
				CLANG_WARN_SUSPICIOUS_MOVE = YES;
				CLANG_WARN_UNGUARDED_AVAILABILITY = YES_AGGRESSIVE;
				CLANG_WARN_UNREACHABLE_CODE = YES;
				CLANG_WARN__DUPLICATE_METHOD_MATCH = YES;
				COPY_PHASE_STRIP = NO;
				DEBUG_INFORMATION_FORMAT = "dwarf-with-dsym";
				ENABLE_NS_ASSERTIONS = NO;
				ENABLE_STRICT_OBJC_MSGSEND = YES;
				ENABLE_USER_SCRIPT_SANDBOXING = YES;
				GCC_C_LANGUAGE_STANDARD = gnu17;
				GCC_NO_COMMON_BLOCKS = YES;
				GCC_WARN_64_TO_32_BIT_CONVERSION = YES;
				GCC_WARN_ABOUT_RETURN_TYPE = YES_ERROR;
				GCC_WARN_UNDECLARED_SELECTOR = YES;
				GCC_WARN_UNINITIALIZED_AUTOS = YES_AGGRESSIVE;
				GCC_WARN_UNUSED_FUNCTION = YES;
				GCC_WARN_UNUSED_VARIABLE = YES;
				IPHONEOS_DEPLOYMENT_TARGET = 18.2;
				LOCALIZATION_PREFERS_STRING_CATALOGS = YES;
				MTL_ENABLE_DEBUG_INFO = NO;
				MTL_FAST_MATH = YES;
				SDKROOT = iphoneos;
				SWIFT_COMPILATION_MODE = wholemodule;
				SWIFT_EMIT_LOC_STRINGS = YES;
				VALIDATE_PRODUCT = YES;
			};
			name = Release;
		};
		61829A1B2E6F07F0009FB761 /* Debug */ = {
			isa = XCBuildConfiguration;
			buildSettings = {
				ASSETCATALOG_COMPILER_APPICON_NAME = AppIcon;
				ASSETCATALOG_COMPILER_GLOBAL_ACCENT_COLOR_NAME = AccentColor;
				CODE_SIGN_STYLE = Automatic;
				CURRENT_PROJECT_VERSION = 1;
				DEVELOPMENT_TEAM = Y44D85Q2H9;
				GENERATE_INFOPLIST_FILE = YES;
				INFOPLIST_KEY_CFBundleDisplayName = Sokoban;
				INFOPLIST_KEY_UIApplicationSupportsIndirectInputEvents = YES;
				INFOPLIST_KEY_UILaunchStoryboardName = LaunchScreen;
				INFOPLIST_KEY_UIMainStoryboardFile = Main;
				INFOPLIST_KEY_UIStatusBarHidden = YES;
				INFOPLIST_KEY_UISupportedInterfaceOrientations_iPad = "UIInterfaceOrientationPortrait UIInterfaceOrientationPortraitUpsideDown UIInterfaceOrientationLandscapeLeft UIInterfaceOrientationLandscapeRight";
				INFOPLIST_KEY_UISupportedInterfaceOrientations_iPhone = "UIInterfaceOrientationPortrait UIInterfaceOrientationLandscapeLeft UIInterfaceOrientationLandscapeRight";
				IPHONEOS_DEPLOYMENT_TARGET = 18.0;
				LD_RUNPATH_SEARCH_PATHS = (
					"$(inherited)",
					"@executable_path/Frameworks",
				);
				MARKETING_VERSION = 1.0;
				PRODUCT_BUNDLE_IDENTIFIER = it.caculli.gzc.Sokoban;
				PRODUCT_NAME = "$(TARGET_NAME)";
				SWIFT_EMIT_LOC_STRINGS = YES;
				SWIFT_VERSION = 5.0;
				TARGETED_DEVICE_FAMILY = "1,2";
			};
			name = Debug;
		};
		61829A1C2E6F07F0009FB761 /* Release */ = {
			isa = XCBuildConfiguration;
			buildSettings = {
				ASSETCATALOG_COMPILER_APPICON_NAME = AppIcon;
				ASSETCATALOG_COMPILER_GLOBAL_ACCENT_COLOR_NAME = AccentColor;
				CODE_SIGN_STYLE = Automatic;
				CURRENT_PROJECT_VERSION = 1;
				DEVELOPMENT_TEAM = Y44D85Q2H9;
				GENERATE_INFOPLIST_FILE = YES;
				INFOPLIST_KEY_CFBundleDisplayName = Sokoban;
				INFOPLIST_KEY_UIApplicationSupportsIndirectInputEvents = YES;
				INFOPLIST_KEY_UILaunchStoryboardName = LaunchScreen;
				INFOPLIST_KEY_UIMainStoryboardFile = Main;
				INFOPLIST_KEY_UIStatusBarHidden = YES;
				INFOPLIST_KEY_UISupportedInterfaceOrientations_iPad = "UIInterfaceOrientationPortrait UIInterfaceOrientationPortraitUpsideDown UIInterfaceOrientationLandscapeLeft UIInterfaceOrientationLandscapeRight";
				INFOPLIST_KEY_UISupportedInterfaceOrientations_iPhone = "UIInterfaceOrientationPortrait UIInterfaceOrientationLandscapeLeft UIInterfaceOrientationLandscapeRight";
				IPHONEOS_DEPLOYMENT_TARGET = 18.0;
				LD_RUNPATH_SEARCH_PATHS = (
					"$(inherited)",
					"@executable_path/Frameworks",
				);
				MARKETING_VERSION = 1.0;
				PRODUCT_BUNDLE_IDENTIFIER = it.caculli.gzc.Sokoban;
				PRODUCT_NAME = "$(TARGET_NAME)";
				SWIFT_EMIT_LOC_STRINGS = YES;
				SWIFT_VERSION = 5.0;
				TARGETED_DEVICE_FAMILY = "1,2";
			};
			name = Release;
		};
		61829A1E2E6F07F0009FB761 /* Debug */ = {
			isa = XCBuildConfiguration;
			buildSettings = {
				BUNDLE_LOADER = "$(TEST_HOST)";
				CODE_SIGN_STYLE = Automatic;
				CURRENT_PROJECT_VERSION = 1;
				DEVELOPMENT_TEAM = Y44D85Q2H9;
				GENERATE_INFOPLIST_FILE = YES;
				IPHONEOS_DEPLOYMENT_TARGET = 18.2;
				MARKETING_VERSION = 1.0;
				PRODUCT_BUNDLE_IDENTIFIER = it.caculli.gzc.SokobanTests;
				PRODUCT_NAME = "$(TARGET_NAME)";
				SWIFT_EMIT_LOC_STRINGS = NO;
				SWIFT_VERSION = 5.0;
				TARGETED_DEVICE_FAMILY = "1,2";
				TEST_HOST = "$(BUILT_PRODUCTS_DIR)/Sokoban.app/$(BUNDLE_EXECUTABLE_FOLDER_PATH)/Sokoban";
			};
			name = Debug;
		};
		61829A1F2E6F07F0009FB761 /* Release */ = {
			isa = XCBuildConfiguration;
			buildSettings = {
				BUNDLE_LOADER = "$(TEST_HOST)";
				CODE_SIGN_STYLE = Automatic;
				CURRENT_PROJECT_VERSION = 1;
				DEVELOPMENT_TEAM = Y44D85Q2H9;
				GENERATE_INFOPLIST_FILE = YES;
				IPHONEOS_DEPLOYMENT_TARGET = 18.2;
				MARKETING_VERSION = 1.0;
				PRODUCT_BUNDLE_IDENTIFIER = it.caculli.gzc.SokobanTests;
				PRODUCT_NAME = "$(TARGET_NAME)";
				SWIFT_EMIT_LOC_STRINGS = NO;
				SWIFT_VERSION = 5.0;
				TARGETED_DEVICE_FAMILY = "1,2";
				TEST_HOST = "$(BUILT_PRODUCTS_DIR)/Sokoban.app/$(BUNDLE_EXECUTABLE_FOLDER_PATH)/Sokoban";
			};
			name = Release;
		};
		61829A212E6F07F0009FB761 /* Debug */ = {
			isa = XCBuildConfiguration;
			buildSettings = {
				CODE_SIGN_STYLE = Automatic;
				CURRENT_PROJECT_VERSION = 1;
				DEVELOPMENT_TEAM = Y44D85Q2H9;
				GENERATE_INFOPLIST_FILE = YES;
				MARKETING_VERSION = 1.0;
				PRODUCT_BUNDLE_IDENTIFIER = it.caculli.gzc.SokobanUITests;
				PRODUCT_NAME = "$(TARGET_NAME)";
				SWIFT_EMIT_LOC_STRINGS = NO;
				SWIFT_VERSION = 5.0;
				TARGETED_DEVICE_FAMILY = "1,2";
				TEST_TARGET_NAME = Sokoban;
			};
			name = Debug;
		};
		61829A222E6F07F0009FB761 /* Release */ = {
			isa = XCBuildConfiguration;
			buildSettings = {
				CODE_SIGN_STYLE = Automatic;
				CURRENT_PROJECT_VERSION = 1;
				DEVELOPMENT_TEAM = Y44D85Q2H9;
				GENERATE_INFOPLIST_FILE = YES;
				MARKETING_VERSION = 1.0;
				PRODUCT_BUNDLE_IDENTIFIER = it.caculli.gzc.SokobanUITests;
				PRODUCT_NAME = "$(TARGET_NAME)";
				SWIFT_EMIT_LOC_STRINGS = NO;
				SWIFT_VERSION = 5.0;
				TARGETED_DEVICE_FAMILY = "1,2";
				TEST_TARGET_NAME = Sokoban;
			};
			name = Release;
		};
/* End XCBuildConfiguration section */

/* Begin XCConfigurationList section */
		618299E82E6F07EC009FB761 /* Build configuration list for PBXProject "Sokoban" */ = {
			isa = XCConfigurationList;
			buildConfigurations = (
				61829A182E6F07F0009FB761 /* Debug */,
				61829A192E6F07F0009FB761 /* Release */,
			);
			defaultConfigurationIsVisible = 0;
			defaultConfigurationName = Release;
		};
		61829A1A2E6F07F0009FB761 /* Build configuration list for PBXNativeTarget "Sokoban" */ = {
			isa = XCConfigurationList;
			buildConfigurations = (
				61829A1B2E6F07F0009FB761 /* Debug */,
				61829A1C2E6F07F0009FB761 /* Release */,
			);
			defaultConfigurationIsVisible = 0;
			defaultConfigurationName = Release;
		};
		61829A1D2E6F07F0009FB761 /* Build configuration list for PBXNativeTarget "SokobanTests" */ = {
			isa = XCConfigurationList;
			buildConfigurations = (
				61829A1E2E6F07F0009FB761 /* Debug */,
				61829A1F2E6F07F0009FB761 /* Release */,
			);
			defaultConfigurationIsVisible = 0;
			defaultConfigurationName = Release;
		};
		61829A202E6F07F0009FB761 /* Build configuration list for PBXNativeTarget "SokobanUITests" */ = {
			isa = XCConfigurationList;
			buildConfigurations = (
				61829A212E6F07F0009FB761 /* Debug */,
				61829A222E6F07F0009FB761 /* Release */,
			);
			defaultConfigurationIsVisible = 0;
			defaultConfigurationName = Release;
		};
/* End XCConfigurationList section */
	};
	rootObject = 618299E52E6F07EC009FB761 /* Project object */;
}
